
Microsoft Visual Studio Solution File, Format Version 12.00
# Visual Studio Version 17
VisualStudioVersion = 17.0.32112.339
MinimumVisualStudioVersion = 10.0.40219.1
Project("{FAE04EC0-301F-11D3-BF4B-00C04F79EFBC}") = "ProjetoTupiniquim.ConsoleApp1", "ProjetoTupiniquim.ConsoleApp1\ProjetoTupiniquim.ConsoleApp1.csproj", "{966B23F3-2A67-46F9-93F6-A2AFF0F3F474}"
EndProject
Global
	GlobalSection(SolutionConfigurationPlatforms) = preSolution
		Debug|Any CPU = Debug|Any CPU
		Release|Any CPU = Release|Any CPU
	EndGlobalSection
	GlobalSection(ProjectConfigurationPlatforms) = postSolution
		{966B23F3-2A67-46F9-93F6-A2AFF0F3F474}.Debug|Any CPU.ActiveCfg = Debug|Any CPU
		{966B23F3-2A67-46F9-93F6-A2AFF0F3F474}.Debug|Any CPU.Build.0 = Debug|Any CPU
		{966B23F3-2A67-46F9-93F6-A2AFF0F3F474}.Release|Any CPU.ActiveCfg = Release|Any CPU
		{966B23F3-2A67-46F9-93F6-A2AFF0F3F474}.Release|Any CPU.Build.0 = Release|Any CPU
	EndGlobalSection
	GlobalSection(SolutionProperties) = preSolution
		HideSolutionNode = FALSE
	EndGlobalSection
	GlobalSection(ExtensibilityGlobals) = postSolution
		SolutionGuid = {7A170F33-7371-47B6-AE9D-79CFE3A8A30C}
	EndGlobalSection
EndGlobal
